
Microsoft Visual Studio Solution File, Format Version 12.00
# Visual Studio Version 17
VisualStudioVersion = 17.0.31903.59
MinimumVisualStudioVersion = 10.0.40219.1
Project("{FAE04EC0-301F-11D3-BF4B-00C04F79EFBC}") = "OperationalPlanMS", "OperationalPlanMS\OperationalPlanMS.csproj", "{194082DE-B4D2-491B-8F33-F1162F4EFABC}"
EndProject
Project("{FAE04EC0-301F-11D3-BF4B-00C04F79EFBC}") = "OperationalPlanMS.Tests", "OperationalPlanMS.Tests\OperationalPlanMS.Tests.csproj", "{6ADED577-1301-4233-BF6E-54D73F5D5C07}"
EndProject
Project("{FAE04EC0-301F-11D3-BF4B-00C04F79EFBC}") = "MOD.OPMS.HttpApi.ExternalApiClients", "MOD.OPMS.HttpApi.ExternalApiClients\MOD.OPMS.HttpApi.ExternalApiClients.csproj", "{480064B5-1788-44B9-D34A-ADD238743B7E}"
EndProject
Global
	GlobalSection(SolutionConfigurationPlatforms) = preSolution
		Debug|Any CPU = Debug|Any CPU
		Debug|x64 = Debug|x64
		Debug|x86 = Debug|x86
		Release|Any CPU = Release|Any CPU
		Release|x64 = Release|x64
		Release|x86 = Release|x86
	EndGlobalSection
	GlobalSection(ProjectConfigurationPlatforms) = postSolution
		{194082DE-B4D2-491B-8F33-F1162F4EFABC}.Debug|Any CPU.ActiveCfg = Debug|Any CPU
		{194082DE-B4D2-491B-8F33-F1162F4EFABC}.Debug|Any CPU.Build.0 = Debug|Any CPU
		{194082DE-B4D2-491B-8F33-F1162F4EFABC}.Debug|x64.ActiveCfg = Debug|Any CPU
		{194082DE-B4D2-491B-8F33-F1162F4EFABC}.Debug|x64.Build.0 = Debug|Any CPU
		{194082DE-B4D2-491B-8F33-F1162F4EFABC}.Debug|x86.ActiveCfg = Debug|Any CPU
		{194082DE-B4D2-491B-8F33-F1162F4EFABC}.Debug|x86.Build.0 = Debug|Any CPU
		{194082DE-B4D2-491B-8F33-F1162F4EFABC}.Release|Any CPU.ActiveCfg = Release|Any CPU
		{194082DE-B4D2-491B-8F33-F1162F4EFABC}.Release|Any CPU.Build.0 = Release|Any CPU
		{194082DE-B4D2-491B-8F33-F1162F4EFABC}.Release|x64.ActiveCfg = Release|Any CPU
		{194082DE-B4D2-491B-8F33-F1162F4EFABC}.Release|x64.Build.0 = Release|Any CPU
		{194082DE-B4D2-491B-8F33-F1162F4EFABC}.Release|x86.ActiveCfg = Release|Any CPU
		{194082DE-B4D2-491B-8F33-F1162F4EFABC}.Release|x86.Build.0 = Release|Any CPU
		{6ADED577-1301-4233-BF6E-54D73F5D5C07}.Debug|Any CPU.ActiveCfg = Debug|Any CPU
		{6ADED577-1301-4233-BF6E-54D73F5D5C07}.Debug|Any CPU.Build.0 = Debug|Any CPU
		{6ADED577-1301-4233-BF6E-54D73F5D5C07}.Debug|x64.ActiveCfg = Debug|Any CPU
		{6ADED577-1301-4233-BF6E-54D73F5D5C07}.Debug|x64.Build.0 = Debug|Any CPU
		{6ADED577-1301-4233-BF6E-54D73F5D5C07}.Debug|x86.ActiveCfg = Debug|Any CPU
		{6ADED577-1301-4233-BF6E-54D73F5D5C07}.Debug|x86.Build.0 = Debug|Any CPU
		{6ADED577-1301-4233-BF6E-54D73F5D5C07}.Release|Any CPU.ActiveCfg = Release|Any CPU
		{6ADED577-1301-4233-BF6E-54D73F5D5C07}.Release|Any CPU.Build.0 = Release|Any CPU
		{6ADED577-1301-4233-BF6E-54D73F5D5C07}.Release|x64.ActiveCfg = Release|Any CPU
		{6ADED577-1301-4233-BF6E-54D73F5D5C07}.Release|x64.Build.0 = Release|Any CPU
		{6ADED577-1301-4233-BF6E-54D73F5D5C07}.Release|x86.ActiveCfg = Release|Any CPU
		{6ADED577-1301-4233-BF6E-54D73F5D5C07}.Release|x86.Build.0 = Release|Any CPU
		{480064B5-1788-44B9-D34A-ADD238743B7E}.Debug|Any CPU.ActiveCfg = Debug|Any CPU
		{480064B5-1788-44B9-D34A-ADD238743B7E}.Debug|Any CPU.Build.0 = Debug|Any CPU
		{480064B5-1788-44B9-D34A-ADD238743B7E}.Debug|x64.ActiveCfg = Debug|Any CPU
		{480064B5-1788-44B9-D34A-ADD238743B7E}.Debug|x64.Build.0 = Debug|Any CPU
		{480064B5-1788-44B9-D34A-ADD238743B7E}.Debug|x86.ActiveCfg = Debug|Any CPU
		{480064B5-1788-44B9-D34A-ADD238743B7E}.Debug|x86.Build.0 = Debug|Any CPU
		{480064B5-1788-44B9-D34A-ADD238743B7E}.Release|Any CPU.ActiveCfg = Release|Any CPU
		{480064B5-1788-44B9-D34A-ADD238743B7E}.Release|Any CPU.Build.0 = Release|Any CPU
		{480064B5-1788-44B9-D34A-ADD238743B7E}.Release|x64.ActiveCfg = Release|Any CPU
		{480064B5-1788-44B9-D34A-ADD238743B7E}.Release|x64.Build.0 = Release|Any CPU
		{480064B5-1788-44B9-D34A-ADD238743B7E}.Release|x86.ActiveCfg = Release|Any CPU
		{480064B5-1788-44B9-D34A-ADD238743B7E}.Release|x86.Build.0 = Release|Any CPU
	EndGlobalSection
	GlobalSection(SolutionProperties) = preSolution
		HideSolutionNode = FALSE
	EndGlobalSection
	GlobalSection(ExtensibilityGlobals) = postSolution
		SolutionGuid = {F25F4C5F-C170-4AAF-A816-8A3A55F6376F}
	EndGlobalSection
EndGlobal
